
Microsoft Visual Studio Solution File, Format Version 12.00
# Visual Studio Version 17
VisualStudioVersion = 17.7.34202.233
MinimumVisualStudioVersion = 10.0.40219.1
Project("{8BC9CEB8-8B4A-11D0-8D11-00A0C91BC942}") = "Iot", "Iot.vcxproj", "{A5EB4854-903B-4A06-A6DE-AB66374E0E03}"
	ProjectSection(ProjectDependencies) = postProject
		{3505B31F-01FF-458F-AFF7-193E60ECF0FE} = {3505B31F-01FF-458F-AFF7-193E60ECF0FE}
		{7FC3CC33-B345-423E-99B6-5D499E531FBF} = {7FC3CC33-B345-423E-99B6-5D499E531FBF}
		{8B49D7A7-4CB3-4610-8028-E9A179AE86F3} = {8B49D7A7-4CB3-4610-8028-E9A179AE86F3}
		{CF4F5741-63EB-3F3B-9A2F-F213F239F2F0} = {CF4F5741-63EB-3F3B-9A2F-F213F239F2F0}
		{E2DC3ECC-B7A9-385B-A41E-12B6C484D1D7} = {E2DC3ECC-B7A9-385B-A41E-12B6C484D1D7}
	EndProjectSection
EndProject
Project("{8BC9CEB8-8B4A-11D0-8D11-00A0C91BC942}") = "Crypto", "..\crypto\Crypto.vcxproj", "{CF4F5741-63EB-3F3B-9A2F-F213F239F2F0}"
	ProjectSection(ProjectDependencies) = postProject
		{3505B31F-01FF-458F-AFF7-193E60ECF0FE} = {3505B31F-01FF-458F-AFF7-193E60ECF0FE}
		{7FC3CC33-B345-423E-99B6-5D499E531FBF} = {7FC3CC33-B345-423E-99B6-5D499E531FBF}
		{8B49D7A7-4CB3-4610-8028-E9A179AE86F3} = {8B49D7A7-4CB3-4610-8028-E9A179AE86F3}
	EndProjectSection
EndProject
Project("{8BC9CEB8-8B4A-11D0-8D11-00A0C91BC942}") = "Framework", "..\..\..\Framework\source\Framework.vcxproj", "{7FC3CC33-B345-423E-99B6-5D499E531FBF}"
EndProject
Project("{8BC9CEB8-8B4A-11D0-8D11-00A0C91BC942}") = "XZ", "..\..\..\XZ\source\XZ.vcxproj", "{8B49D7A7-4CB3-4610-8028-E9A179AE86F3}"
	ProjectSection(ProjectDependencies) = postProject
		{7FC3CC33-B345-423E-99B6-5D499E531FBF} = {7FC3CC33-B345-423E-99B6-5D499E531FBF}
	EndProjectSection
EndProject
Project("{8BC9CEB8-8B4A-11D0-8D11-00A0C91BC942}") = "ssl", "..\..\..\Ssl\source\ssl.vcxproj", "{3505B31F-01FF-458F-AFF7-193E60ECF0FE}"
	ProjectSection(ProjectDependencies) = postProject
		{7FC3CC33-B345-423E-99B6-5D499E531FBF} = {7FC3CC33-B345-423E-99B6-5D499E531FBF}
	EndProjectSection
EndProject
Project("{8BC9CEB8-8B4A-11D0-8D11-00A0C91BC942}") = "Web", "..\web\Web.vcxproj", "{E2DC3ECC-B7A9-385B-A41E-12B6C484D1D7}"
	ProjectSection(ProjectDependencies) = postProject
		{7FC3CC33-B345-423E-99B6-5D499E531FBF} = {7FC3CC33-B345-423E-99B6-5D499E531FBF}
	EndProjectSection
EndProject
Project("{8BC9CEB8-8B4A-11D0-8D11-00A0C91BC942}") = "IotTests", "..\..\tests\Iot\IotTests.vcxproj", "{FB23988A-4BA7-45C4-8D7B-FB59EBC2A0A2}"
	ProjectSection(ProjectDependencies) = postProject
		{3505B31F-01FF-458F-AFF7-193E60ECF0FE} = {3505B31F-01FF-458F-AFF7-193E60ECF0FE}
		{7FC3CC33-B345-423E-99B6-5D499E531FBF} = {7FC3CC33-B345-423E-99B6-5D499E531FBF}
		{8B49D7A7-4CB3-4610-8028-E9A179AE86F3} = {8B49D7A7-4CB3-4610-8028-E9A179AE86F3}
		{A5EB4854-903B-4A06-A6DE-AB66374E0E03} = {A5EB4854-903B-4A06-A6DE-AB66374E0E03}
		{B80EC089-F567-4E1E-B3CC-06091482DDA7} = {B80EC089-F567-4E1E-B3CC-06091482DDA7}
		{CF4F5741-63EB-3F3B-9A2F-F213F239F2F0} = {CF4F5741-63EB-3F3B-9A2F-F213F239F2F0}
		{E2DC3ECC-B7A9-385B-A41E-12B6C484D1D7} = {E2DC3ECC-B7A9-385B-A41E-12B6C484D1D7}
	EndProjectSection
EndProject
Project("{8BC9CEB8-8B4A-11D0-8D11-00A0C91BC942}") = "CryptoTests", "..\..\tests\crypto\CryptoTests.vcxproj", "{0D9391B9-CA05-4100-B043-61F3C217F6ED}"
	ProjectSection(ProjectDependencies) = postProject
		{CF4F5741-63EB-3F3B-9A2F-F213F239F2F0} = {CF4F5741-63EB-3F3B-9A2F-F213F239F2F0}
	EndProjectSection
EndProject
Project("{8BC9CEB8-8B4A-11D0-8D11-00A0C91BC942}") = "Odbc", "..\..\..\Odbc\source\Odbc.vcxproj", "{B80EC089-F567-4E1E-B3CC-06091482DDA7}"
	ProjectSection(ProjectDependencies) = postProject
		{7FC3CC33-B345-423E-99B6-5D499E531FBF} = {7FC3CC33-B345-423E-99B6-5D499E531FBF}
	EndProjectSection
EndProject
Global
	GlobalSection(SolutionConfigurationPlatforms) = preSolution
		Debug|x64 = Debug|x64
		Debug|x86 = Debug|x86
		DebugMem|x64 = DebugMem|x64
		DebugMem|x86 = DebugMem|x86
		Release|x64 = Release|x64
		Release|x86 = Release|x86
	EndGlobalSection
	GlobalSection(ProjectConfigurationPlatforms) = postSolution
		{A5EB4854-903B-4A06-A6DE-AB66374E0E03}.Debug|x64.ActiveCfg = Debug|x64
		{A5EB4854-903B-4A06-A6DE-AB66374E0E03}.Debug|x64.Build.0 = Debug|x64
		{A5EB4854-903B-4A06-A6DE-AB66374E0E03}.Debug|x86.ActiveCfg = Debug|Win32
		{A5EB4854-903B-4A06-A6DE-AB66374E0E03}.Debug|x86.Build.0 = Debug|Win32
		{A5EB4854-903B-4A06-A6DE-AB66374E0E03}.DebugMem|x64.ActiveCfg = Debug|x64
		{A5EB4854-903B-4A06-A6DE-AB66374E0E03}.DebugMem|x64.Build.0 = Debug|x64
		{A5EB4854-903B-4A06-A6DE-AB66374E0E03}.DebugMem|x86.ActiveCfg = Debug|Win32
		{A5EB4854-903B-4A06-A6DE-AB66374E0E03}.DebugMem|x86.Build.0 = Debug|Win32
		{A5EB4854-903B-4A06-A6DE-AB66374E0E03}.Release|x64.ActiveCfg = Release|x64
		{A5EB4854-903B-4A06-A6DE-AB66374E0E03}.Release|x64.Build.0 = Release|x64
		{A5EB4854-903B-4A06-A6DE-AB66374E0E03}.Release|x86.ActiveCfg = Release|Win32
		{A5EB4854-903B-4A06-A6DE-AB66374E0E03}.Release|x86.Build.0 = Release|Win32
		{CF4F5741-63EB-3F3B-9A2F-F213F239F2F0}.Debug|x64.ActiveCfg = Debug|x64
		{CF4F5741-63EB-3F3B-9A2F-F213F239F2F0}.Debug|x64.Build.0 = Debug|x64
		{CF4F5741-63EB-3F3B-9A2F-F213F239F2F0}.Debug|x86.ActiveCfg = Debug|x64
		{CF4F5741-63EB-3F3B-9A2F-F213F239F2F0}.Debug|x86.Build.0 = Debug|x64
		{CF4F5741-63EB-3F3B-9A2F-F213F239F2F0}.DebugMem|x64.ActiveCfg = Debug|x64
		{CF4F5741-63EB-3F3B-9A2F-F213F239F2F0}.DebugMem|x64.Build.0 = Debug|x64
		{CF4F5741-63EB-3F3B-9A2F-F213F239F2F0}.DebugMem|x86.ActiveCfg = Debug|x64
		{CF4F5741-63EB-3F3B-9A2F-F213F239F2F0}.DebugMem|x86.Build.0 = Debug|x64
		{CF4F5741-63EB-3F3B-9A2F-F213F239F2F0}.Release|x64.ActiveCfg = Release|x64
		{CF4F5741-63EB-3F3B-9A2F-F213F239F2F0}.Release|x64.Build.0 = Release|x64
		{CF4F5741-63EB-3F3B-9A2F-F213F239F2F0}.Release|x86.ActiveCfg = Release|x64
		{CF4F5741-63EB-3F3B-9A2F-F213F239F2F0}.Release|x86.Build.0 = Release|x64
		{7FC3CC33-B345-423E-99B6-5D499E531FBF}.Debug|x64.ActiveCfg = Debug|x64
		{7FC3CC33-B345-423E-99B6-5D499E531FBF}.Debug|x64.Build.0 = Debug|x64
		{7FC3CC33-B345-423E-99B6-5D499E531FBF}.Debug|x86.ActiveCfg = Debug|x64
		{7FC3CC33-B345-423E-99B6-5D499E531FBF}.Debug|x86.Build.0 = Debug|x64
		{7FC3CC33-B345-423E-99B6-5D499E531FBF}.DebugMem|x64.ActiveCfg = DebugMem|x64
		{7FC3CC33-B345-423E-99B6-5D499E531FBF}.DebugMem|x64.Build.0 = DebugMem|x64
		{7FC3CC33-B345-423E-99B6-5D499E531FBF}.DebugMem|x86.ActiveCfg = DebugMem|x64
		{7FC3CC33-B345-423E-99B6-5D499E531FBF}.DebugMem|x86.Build.0 = DebugMem|x64
		{7FC3CC33-B345-423E-99B6-5D499E531FBF}.Release|x64.ActiveCfg = Release|x64
		{7FC3CC33-B345-423E-99B6-5D499E531FBF}.Release|x64.Build.0 = Release|x64
		{7FC3CC33-B345-423E-99B6-5D499E531FBF}.Release|x86.ActiveCfg = Release|x64
		{7FC3CC33-B345-423E-99B6-5D499E531FBF}.Release|x86.Build.0 = Release|x64
		{8B49D7A7-4CB3-4610-8028-E9A179AE86F3}.Debug|x64.ActiveCfg = Debug|x64
		{8B49D7A7-4CB3-4610-8028-E9A179AE86F3}.Debug|x64.Build.0 = Debug|x64
		{8B49D7A7-4CB3-4610-8028-E9A179AE86F3}.Debug|x86.ActiveCfg = Debug|x64
		{8B49D7A7-4CB3-4610-8028-E9A179AE86F3}.Debug|x86.Build.0 = Debug|x64
		{8B49D7A7-4CB3-4610-8028-E9A179AE86F3}.DebugMem|x64.ActiveCfg = DebugMem|x64
		{8B49D7A7-4CB3-4610-8028-E9A179AE86F3}.DebugMem|x64.Build.0 = DebugMem|x64
		{8B49D7A7-4CB3-4610-8028-E9A179AE86F3}.DebugMem|x86.ActiveCfg = DebugMem|x64
		{8B49D7A7-4CB3-4610-8028-E9A179AE86F3}.DebugMem|x86.Build.0 = DebugMem|x64
		{8B49D7A7-4CB3-4610-8028-E9A179AE86F3}.Release|x64.ActiveCfg = Release|x64
		{8B49D7A7-4CB3-4610-8028-E9A179AE86F3}.Release|x64.Build.0 = Release|x64
		{8B49D7A7-4CB3-4610-8028-E9A179AE86F3}.Release|x86.ActiveCfg = Release|x64
		{8B49D7A7-4CB3-4610-8028-E9A179AE86F3}.Release|x86.Build.0 = Release|x64
		{3505B31F-01FF-458F-AFF7-193E60ECF0FE}.Debug|x64.ActiveCfg = Debug|x64
		{3505B31F-01FF-458F-AFF7-193E60ECF0FE}.Debug|x64.Build.0 = Debug|x64
		{3505B31F-01FF-458F-AFF7-193E60ECF0FE}.Debug|x86.ActiveCfg = Debug|x64
		{3505B31F-01FF-458F-AFF7-193E60ECF0FE}.Debug|x86.Build.0 = Debug|x64
		{3505B31F-01FF-458F-AFF7-193E60ECF0FE}.DebugMem|x64.ActiveCfg = DebugMem|x64
		{3505B31F-01FF-458F-AFF7-193E60ECF0FE}.DebugMem|x64.Build.0 = DebugMem|x64
		{3505B31F-01FF-458F-AFF7-193E60ECF0FE}.DebugMem|x86.ActiveCfg = DebugMem|x64
		{3505B31F-01FF-458F-AFF7-193E60ECF0FE}.DebugMem|x86.Build.0 = DebugMem|x64
		{3505B31F-01FF-458F-AFF7-193E60ECF0FE}.Release|x64.ActiveCfg = Release|x64
		{3505B31F-01FF-458F-AFF7-193E60ECF0FE}.Release|x64.Build.0 = Release|x64
		{3505B31F-01FF-458F-AFF7-193E60ECF0FE}.Release|x86.ActiveCfg = Release|x64
		{3505B31F-01FF-458F-AFF7-193E60ECF0FE}.Release|x86.Build.0 = Release|x64
		{E2DC3ECC-B7A9-385B-A41E-12B6C484D1D7}.Debug|x64.ActiveCfg = Debug|x64
		{E2DC3ECC-B7A9-385B-A41E-12B6C484D1D7}.Debug|x64.Build.0 = Debug|x64
		{E2DC3ECC-B7A9-385B-A41E-12B6C484D1D7}.Debug|x86.ActiveCfg = Debug|x64
		{E2DC3ECC-B7A9-385B-A41E-12B6C484D1D7}.Debug|x86.Build.0 = Debug|x64
		{E2DC3ECC-B7A9-385B-A41E-12B6C484D1D7}.DebugMem|x64.ActiveCfg = DebugMem|x64
		{E2DC3ECC-B7A9-385B-A41E-12B6C484D1D7}.DebugMem|x64.Build.0 = DebugMem|x64
		{E2DC3ECC-B7A9-385B-A41E-12B6C484D1D7}.DebugMem|x86.ActiveCfg = DebugMem|x64
		{E2DC3ECC-B7A9-385B-A41E-12B6C484D1D7}.DebugMem|x86.Build.0 = DebugMem|x64
		{E2DC3ECC-B7A9-385B-A41E-12B6C484D1D7}.Release|x64.ActiveCfg = Release|x64
		{E2DC3ECC-B7A9-385B-A41E-12B6C484D1D7}.Release|x64.Build.0 = Release|x64
		{E2DC3ECC-B7A9-385B-A41E-12B6C484D1D7}.Release|x86.ActiveCfg = Release|x64
		{E2DC3ECC-B7A9-385B-A41E-12B6C484D1D7}.Release|x86.Build.0 = Release|x64
		{FB23988A-4BA7-45C4-8D7B-FB59EBC2A0A2}.Debug|x64.ActiveCfg = Debug|x64
		{FB23988A-4BA7-45C4-8D7B-FB59EBC2A0A2}.Debug|x64.Build.0 = Debug|x64
		{FB23988A-4BA7-45C4-8D7B-FB59EBC2A0A2}.Debug|x86.ActiveCfg = Debug|Win32
		{FB23988A-4BA7-45C4-8D7B-FB59EBC2A0A2}.Debug|x86.Build.0 = Debug|Win32
		{FB23988A-4BA7-45C4-8D7B-FB59EBC2A0A2}.DebugMem|x64.ActiveCfg = Debug|x64
		{FB23988A-4BA7-45C4-8D7B-FB59EBC2A0A2}.DebugMem|x64.Build.0 = Debug|x64
		{FB23988A-4BA7-45C4-8D7B-FB59EBC2A0A2}.DebugMem|x86.ActiveCfg = Debug|Win32
		{FB23988A-4BA7-45C4-8D7B-FB59EBC2A0A2}.DebugMem|x86.Build.0 = Debug|Win32
		{FB23988A-4BA7-45C4-8D7B-FB59EBC2A0A2}.Release|x64.ActiveCfg = Release|x64
		{FB23988A-4BA7-45C4-8D7B-FB59EBC2A0A2}.Release|x64.Build.0 = Release|x64
		{FB23988A-4BA7-45C4-8D7B-FB59EBC2A0A2}.Release|x86.ActiveCfg = Release|Win32
		{FB23988A-4BA7-45C4-8D7B-FB59EBC2A0A2}.Release|x86.Build.0 = Release|Win32
		{0D9391B9-CA05-4100-B043-61F3C217F6ED}.Debug|x64.ActiveCfg = Debug|x64
		{0D9391B9-CA05-4100-B043-61F3C217F6ED}.Debug|x64.Build.0 = Debug|x64
		{0D9391B9-CA05-4100-B043-61F3C217F6ED}.Debug|x86.ActiveCfg = Debug|Win32
		{0D9391B9-CA05-4100-B043-61F3C217F6ED}.Debug|x86.Build.0 = Debug|Win32
		{0D9391B9-CA05-4100-B043-61F3C217F6ED}.DebugMem|x64.ActiveCfg = Debug|x64
		{0D9391B9-CA05-4100-B043-61F3C217F6ED}.DebugMem|x64.Build.0 = Debug|x64
		{0D9391B9-CA05-4100-B043-61F3C217F6ED}.DebugMem|x86.ActiveCfg = Debug|Win32
		{0D9391B9-CA05-4100-B043-61F3C217F6ED}.DebugMem|x86.Build.0 = Debug|Win32
		{0D9391B9-CA05-4100-B043-61F3C217F6ED}.Release|x64.ActiveCfg = Release|x64
		{0D9391B9-CA05-4100-B043-61F3C217F6ED}.Release|x64.Build.0 = Release|x64
		{0D9391B9-CA05-4100-B043-61F3C217F6ED}.Release|x86.ActiveCfg = Release|Win32
		{0D9391B9-CA05-4100-B043-61F3C217F6ED}.Release|x86.Build.0 = Release|Win32
		{B80EC089-F567-4E1E-B3CC-06091482DDA7}.Debug|x64.ActiveCfg = Debug|x64
		{B80EC089-F567-4E1E-B3CC-06091482DDA7}.Debug|x64.Build.0 = Debug|x64
		{B80EC089-F567-4E1E-B3CC-06091482DDA7}.Debug|x86.ActiveCfg = Debug|x64
		{B80EC089-F567-4E1E-B3CC-06091482DDA7}.Debug|x86.Build.0 = Debug|x64
		{B80EC089-F567-4E1E-B3CC-06091482DDA7}.DebugMem|x64.ActiveCfg = DebugMem|x64
		{B80EC089-F567-4E1E-B3CC-06091482DDA7}.DebugMem|x64.Build.0 = DebugMem|x64
		{B80EC089-F567-4E1E-B3CC-06091482DDA7}.DebugMem|x86.ActiveCfg = DebugMem|x64
		{B80EC089-F567-4E1E-B3CC-06091482DDA7}.DebugMem|x86.Build.0 = DebugMem|x64
		{B80EC089-F567-4E1E-B3CC-06091482DDA7}.Release|x64.ActiveCfg = Release|x64
		{B80EC089-F567-4E1E-B3CC-06091482DDA7}.Release|x64.Build.0 = Release|x64
		{B80EC089-F567-4E1E-B3CC-06091482DDA7}.Release|x86.ActiveCfg = Release|x64
		{B80EC089-F567-4E1E-B3CC-06091482DDA7}.Release|x86.Build.0 = Release|x64
	EndGlobalSection
	GlobalSection(SolutionProperties) = preSolution
		HideSolutionNode = FALSE
	EndGlobalSection
	GlobalSection(ExtensibilityGlobals) = postSolution
		SolutionGuid = {30514A9E-C79D-4AAE-8850-AB25BB117EBC}
	EndGlobalSection
EndGlobal
