
Microsoft Visual Studio Solution File, Format Version 12.00
# Visual Studio Version 17
VisualStudioVersion = 17.0.31919.166
MinimumVisualStudioVersion = 10.0.40219.1
Project("{8BC9CEB8-8B4A-11D0-8D11-00A0C91BC942}") = "sqlite", "sqlite.vcxproj", "{4A643694-6981-4315-8B18-D182499210B6}"
	ProjectSection(ProjectDependencies) = postProject
		{7FC3CC33-B345-423E-99B6-5D499E531FBF} = {7FC3CC33-B345-423E-99B6-5D499E531FBF}
	EndProjectSection
EndProject
Project("{8BC9CEB8-8B4A-11D0-8D11-00A0C91BC942}") = "Framework", "..\..\..\..\Framework\source\Framework.vcxproj", "{7FC3CC33-B345-423E-99B6-5D499E531FBF}"
EndProject
Project("{8BC9CEB8-8B4A-11D0-8D11-00A0C91BC942}") = "Odbc", "..\..\..\..\Odbc\source\Odbc.vcxproj", "{B80EC089-F567-4E1E-B3CC-06091482DDA7}"
	ProjectSection(ProjectDependencies) = postProject
		{7FC3CC33-B345-423E-99B6-5D499E531FBF} = {7FC3CC33-B345-423E-99B6-5D499E531FBF}
	EndProjectSection
EndProject
Global
	GlobalSection(SolutionConfigurationPlatforms) = preSolution
		Debug|x64 = Debug|x64
		Release|x64 = Release|x64
	EndGlobalSection
	GlobalSection(ProjectConfigurationPlatforms) = postSolution
		{4A643694-6981-4315-8B18-D182499210B6}.Debug|x64.ActiveCfg = Debug|x64
		{4A643694-6981-4315-8B18-D182499210B6}.Debug|x64.Build.0 = Debug|x64
		{4A643694-6981-4315-8B18-D182499210B6}.Release|x64.ActiveCfg = Release|x64
		{4A643694-6981-4315-8B18-D182499210B6}.Release|x64.Build.0 = Release|x64
		{7FC3CC33-B345-423E-99B6-5D499E531FBF}.Debug|x64.ActiveCfg = Debug|x64
		{7FC3CC33-B345-423E-99B6-5D499E531FBF}.Debug|x64.Build.0 = Debug|x64
		{7FC3CC33-B345-423E-99B6-5D499E531FBF}.Release|x64.ActiveCfg = Release|x64
		{7FC3CC33-B345-423E-99B6-5D499E531FBF}.Release|x64.Build.0 = Release|x64
		{B80EC089-F567-4E1E-B3CC-06091482DDA7}.Debug|x64.ActiveCfg = Debug|x64
		{B80EC089-F567-4E1E-B3CC-06091482DDA7}.Debug|x64.Build.0 = Debug|x64
		{B80EC089-F567-4E1E-B3CC-06091482DDA7}.Release|x64.ActiveCfg = Release|x64
		{B80EC089-F567-4E1E-B3CC-06091482DDA7}.Release|x64.Build.0 = Release|x64
	EndGlobalSection
	GlobalSection(SolutionProperties) = preSolution
		HideSolutionNode = FALSE
	EndGlobalSection
	GlobalSection(ExtensibilityGlobals) = postSolution
		SolutionGuid = {AC1FECA0-4F5B-4C84-8367-EF5810CE22C8}
	EndGlobalSection
EndGlobal
