<?xml version="1.0" encoding="utf-8"?>
<Project ToolsVersion="4.0" xmlns="http://schemas.microsoft.com/developer/msbuild/2003">
  <ItemGroup>
    <ClCompile Include="C:\Users\duffyj\source\repos\jde\Public\src\crypto\OpenSsl.cpp">
      <Filter>source</Filter>
    </ClCompile>
    <ClCompile Include="C:\Users\duffyj\source\repos\jde\Public\src\crypto\OpenSslInternal.cpp">
      <Filter>source</Filter>
    </ClCompile>
    <ClCompile Include="pc.h">
      <Filter>source</Filter>
    </ClCompile>
    <ClCompile Include="..\..\..\Windows\source\dllmain.cpp">
      <Filter>source</Filter>
    </ClCompile>
  </ItemGroup>
  <ItemGroup>
    <Filter Include="source">
      <UniqueIdentifier>{8e52962c-6183-400b-af74-de167f2eadee}</UniqueIdentifier>
    </Filter>
    <Filter Include="headers">
      <UniqueIdentifier>{672009b0-9ef9-4f52-91e3-817bf05005eb}</UniqueIdentifier>
    </Filter>
  </ItemGroup>
  <ItemGroup>
    <ClInclude Include="OpenSslInternal.h">
      <Filter>headers</Filter>
    </ClInclude>
    <ClInclude Include="..\..\jde\crypto\Exports.h" />
    <ClInclude Include="..\..\jde\crypto\OpenSsl.h">
      <Filter>headers</Filter>
    </ClInclude>
  </ItemGroup>
</Project>