
Microsoft Visual Studio Solution File, Format Version 12.00
# Visual Studio Version 17
VisualStudioVersion = 17.11.35208.52
MinimumVisualStudioVersion = 10.0.40219.1
Project("{8BC9CEB8-8B4A-11D0-8D11-00A0C91BC942}") = "Jde.Iot", "..\..\src\iot\.build\Jde.Iot.vcxproj", "{343D2117-CCF6-38E8-94CD-670A7A5DDE21}"
	ProjectSection(ProjectDependencies) = postProject
		{56035870-44B4-3CE3-9497-7084B838764A} = {56035870-44B4-3CE3-9497-7084B838764A}
		{5A9EE2A3-1536-3252-A222-D763568EE8C8} = {5A9EE2A3-1536-3252-A222-D763568EE8C8}
		{E26ABC76-4EDF-3CF9-9441-71C6367D7B2B} = {E26ABC76-4EDF-3CF9-9441-71C6367D7B2B}
		{EC0CF75C-9CBB-30A0-A4E0-C38966DF7F57} = {EC0CF75C-9CBB-30A0-A4E0-C38966DF7F57}
	EndProjectSection
EndProject
Project("{8BC9CEB8-8B4A-11D0-8D11-00A0C91BC942}") = "Jde.App.Shared", "..\..\src\app\shared\.build\Jde.App.Shared.vcxproj", "{5A9EE2A3-1536-3252-A222-D763568EE8C8}"
	ProjectSection(ProjectDependencies) = postProject
		{56035870-44B4-3CE3-9497-7084B838764A} = {56035870-44B4-3CE3-9497-7084B838764A}
		{E26ABC76-4EDF-3CF9-9441-71C6367D7B2B} = {E26ABC76-4EDF-3CF9-9441-71C6367D7B2B}
	EndProjectSection
EndProject
Project("{8BC9CEB8-8B4A-11D0-8D11-00A0C91BC942}") = "Jde.App.Client", "..\..\src\app\client\.build\Jde.App.Client.vcxproj", "{EC0CF75C-9CBB-30A0-A4E0-C38966DF7F57}"
	ProjectSection(ProjectDependencies) = postProject
		{56035870-44B4-3CE3-9497-7084B838764A} = {56035870-44B4-3CE3-9497-7084B838764A}
		{5A9EE2A3-1536-3252-A222-D763568EE8C8} = {5A9EE2A3-1536-3252-A222-D763568EE8C8}
	EndProjectSection
EndProject
Project("{8BC9CEB8-8B4A-11D0-8D11-00A0C91BC942}") = "Jde.Web.Client", "..\..\src\web\client\.build\Jde.Web.Client.vcxproj", "{E26ABC76-4EDF-3CF9-9441-71C6367D7B2B}"
	ProjectSection(ProjectDependencies) = postProject
		{56035870-44B4-3CE3-9497-7084B838764A} = {56035870-44B4-3CE3-9497-7084B838764A}
	EndProjectSection
EndProject
Project("{8BC9CEB8-8B4A-11D0-8D11-00A0C91BC942}") = "Jde", "..\..\..\Framework\source\.build\Jde.vcxproj", "{56035870-44B4-3CE3-9497-7084B838764A}"
EndProject
Project("{8BC9CEB8-8B4A-11D0-8D11-00A0C91BC942}") = "Jde.Iot.Tests", ".build\Jde.Iot.Tests.vcxproj", "{521E9C82-965C-3F39-9879-CFFD69379B95}"
	ProjectSection(ProjectDependencies) = postProject
		{21C0B01A-6C42-3E83-922C-81F402DBA889} = {21C0B01A-6C42-3E83-922C-81F402DBA889}
		{343D2117-CCF6-38E8-94CD-670A7A5DDE21} = {343D2117-CCF6-38E8-94CD-670A7A5DDE21}
		{56035870-44B4-3CE3-9497-7084B838764A} = {56035870-44B4-3CE3-9497-7084B838764A}
		{5A9EE2A3-1536-3252-A222-D763568EE8C8} = {5A9EE2A3-1536-3252-A222-D763568EE8C8}
		{71FD5FEB-48DC-3F44-A5EA-434BB7D044EF} = {71FD5FEB-48DC-3F44-A5EA-434BB7D044EF}
		{83913D61-3FA0-3439-977A-C2198579069E} = {83913D61-3FA0-3439-977A-C2198579069E}
		{E26ABC76-4EDF-3CF9-9441-71C6367D7B2B} = {E26ABC76-4EDF-3CF9-9441-71C6367D7B2B}
		{EC0CF75C-9CBB-30A0-A4E0-C38966DF7F57} = {EC0CF75C-9CBB-30A0-A4E0-C38966DF7F57}
	EndProjectSection
EndProject
Project("{2150E333-8FDC-42A3-9474-1A3956D46DE8}") = "Installs", "Installs", "{F1CB8E5A-5949-4472-97C1-90FE53577261}"
EndProject
Project("{2150E333-8FDC-42A3-9474-1A3956D46DE8}") = "iot", "iot", "{8211C2B8-3DD4-462A-98AA-2E5F6F7E5BB7}"
EndProject
Project("{8BC9CEB8-8B4A-11D0-8D11-00A0C91BC942}") = "INSTALL", "..\..\src\iot\.build\INSTALL.vcxproj", "{21C0B01A-6C42-3E83-922C-81F402DBA889}"
	ProjectSection(ProjectDependencies) = postProject
		{343D2117-CCF6-38E8-94CD-670A7A5DDE21} = {343D2117-CCF6-38E8-94CD-670A7A5DDE21}
	EndProjectSection
EndProject
Project("{2150E333-8FDC-42A3-9474-1A3956D46DE8}") = "jde", "jde", "{060EB21D-9E5B-4208-BB4E-0EF997BC01ED}"
EndProject
Project("{8BC9CEB8-8B4A-11D0-8D11-00A0C91BC942}") = "INSTALL", "..\..\..\Framework\source\.build\INSTALL.vcxproj", "{83913D61-3FA0-3439-977A-C2198579069E}"
	ProjectSection(ProjectDependencies) = postProject
		{56035870-44B4-3CE3-9497-7084B838764A} = {56035870-44B4-3CE3-9497-7084B838764A}
	EndProjectSection
EndProject
Project("{2150E333-8FDC-42A3-9474-1A3956D46DE8}") = "app", "app", "{82683B27-8407-4C5D-9914-B9F3155D1406}"
EndProject
Project("{2150E333-8FDC-42A3-9474-1A3956D46DE8}") = "shared", "shared", "{80B699C9-B7C3-4424-832B-DBC603FD06D1}"
EndProject
Project("{8BC9CEB8-8B4A-11D0-8D11-00A0C91BC942}") = "INSTALL", "..\..\src\app\shared\.build\INSTALL.vcxproj", "{71FD5FEB-48DC-3F44-A5EA-434BB7D044EF}"
	ProjectSection(ProjectDependencies) = postProject
		{5A9EE2A3-1536-3252-A222-D763568EE8C8} = {5A9EE2A3-1536-3252-A222-D763568EE8C8}
	EndProjectSection
EndProject
Project("{2150E333-8FDC-42A3-9474-1A3956D46DE8}") = "dll", "dll", "{12D98A40-583C-40A5-BB1F-35BAC53D3EA3}"
EndProject
Project("{2150E333-8FDC-42A3-9474-1A3956D46DE8}") = "Tests", "Tests", "{74191BE0-CCFD-4CA2-9DC9-2E94B2565EDE}"
EndProject
Project("{8BC9CEB8-8B4A-11D0-8D11-00A0C91BC942}") = "INSTALL", ".build\INSTALL.vcxproj", "{3818509C-17DE-3F5F-BEB2-39D2697C9249}"
	ProjectSection(ProjectDependencies) = postProject
		{521E9C82-965C-3F39-9879-CFFD69379B95} = {521E9C82-965C-3F39-9879-CFFD69379B95}
	EndProjectSection
EndProject
Project("{2150E333-8FDC-42A3-9474-1A3956D46DE8}") = "client", "client", "{07076A78-9E6D-4E17-A0E4-CFF59A29FBE7}"
EndProject
Project("{8BC9CEB8-8B4A-11D0-8D11-00A0C91BC942}") = "INSTALL", "..\..\src\app\client\.build\INSTALL.vcxproj", "{BE348316-C193-319A-87EE-7BEEBD7B7488}"
	ProjectSection(ProjectDependencies) = postProject
		{EC0CF75C-9CBB-30A0-A4E0-C38966DF7F57} = {EC0CF75C-9CBB-30A0-A4E0-C38966DF7F57}
	EndProjectSection
EndProject
Project("{8BC9CEB8-8B4A-11D0-8D11-00A0C91BC942}") = "Jde.DB.Odbc", "..\..\..\Odbc\source\.build\Jde.DB.Odbc.vcxproj", "{6BA5A6E1-3BE1-3F70-9894-D3660722CCF4}"
	ProjectSection(ProjectDependencies) = postProject
		{56035870-44B4-3CE3-9497-7084B838764A} = {56035870-44B4-3CE3-9497-7084B838764A}
	EndProjectSection
EndProject
Project("{2150E333-8FDC-42A3-9474-1A3956D46DE8}") = "Odbc", "Odbc", "{8F0BCCF2-E61D-4DD0-8503-3E2F2403692D}"
EndProject
Project("{8BC9CEB8-8B4A-11D0-8D11-00A0C91BC942}") = "INSTALL", "..\..\..\Odbc\source\.build\INSTALL.vcxproj", "{2BC82998-8161-353D-9006-7CF20A3277B3}"
	ProjectSection(ProjectDependencies) = postProject
		{6BA5A6E1-3BE1-3F70-9894-D3660722CCF4} = {6BA5A6E1-3BE1-3F70-9894-D3660722CCF4}
	EndProjectSection
EndProject
Global
	GlobalSection(SolutionConfigurationPlatforms) = preSolution
		Debug|x64 = Debug|x64
		Debug|x86 = Debug|x86
		Release|x64 = Release|x64
		Release|x86 = Release|x86
		RelWithDebInfo|x64 = RelWithDebInfo|x64
		RelWithDebInfo|x86 = RelWithDebInfo|x86
	EndGlobalSection
	GlobalSection(ProjectConfigurationPlatforms) = postSolution
		{343D2117-CCF6-38E8-94CD-670A7A5DDE21}.Debug|x64.ActiveCfg = Debug|x64
		{343D2117-CCF6-38E8-94CD-670A7A5DDE21}.Debug|x64.Build.0 = Debug|x64
		{343D2117-CCF6-38E8-94CD-670A7A5DDE21}.Debug|x86.ActiveCfg = Debug|x64
		{343D2117-CCF6-38E8-94CD-670A7A5DDE21}.Debug|x86.Build.0 = Debug|x64
		{343D2117-CCF6-38E8-94CD-670A7A5DDE21}.Release|x64.ActiveCfg = Release|x64
		{343D2117-CCF6-38E8-94CD-670A7A5DDE21}.Release|x64.Build.0 = Release|x64
		{343D2117-CCF6-38E8-94CD-670A7A5DDE21}.Release|x86.ActiveCfg = Release|x64
		{343D2117-CCF6-38E8-94CD-670A7A5DDE21}.Release|x86.Build.0 = Release|x64
		{343D2117-CCF6-38E8-94CD-670A7A5DDE21}.RelWithDebInfo|x64.ActiveCfg = RelWithDebInfo|x64
		{343D2117-CCF6-38E8-94CD-670A7A5DDE21}.RelWithDebInfo|x64.Build.0 = RelWithDebInfo|x64
		{343D2117-CCF6-38E8-94CD-670A7A5DDE21}.RelWithDebInfo|x86.ActiveCfg = RelWithDebInfo|x64
		{343D2117-CCF6-38E8-94CD-670A7A5DDE21}.RelWithDebInfo|x86.Build.0 = RelWithDebInfo|x64
		{5A9EE2A3-1536-3252-A222-D763568EE8C8}.Debug|x64.ActiveCfg = Debug|x64
		{5A9EE2A3-1536-3252-A222-D763568EE8C8}.Debug|x64.Build.0 = Debug|x64
		{5A9EE2A3-1536-3252-A222-D763568EE8C8}.Debug|x86.ActiveCfg = Debug|x64
		{5A9EE2A3-1536-3252-A222-D763568EE8C8}.Debug|x86.Build.0 = Debug|x64
		{5A9EE2A3-1536-3252-A222-D763568EE8C8}.Release|x64.ActiveCfg = Release|x64
		{5A9EE2A3-1536-3252-A222-D763568EE8C8}.Release|x64.Build.0 = Release|x64
		{5A9EE2A3-1536-3252-A222-D763568EE8C8}.Release|x86.ActiveCfg = Release|x64
		{5A9EE2A3-1536-3252-A222-D763568EE8C8}.Release|x86.Build.0 = Release|x64
		{5A9EE2A3-1536-3252-A222-D763568EE8C8}.RelWithDebInfo|x64.ActiveCfg = RelWithDebInfo|x64
		{5A9EE2A3-1536-3252-A222-D763568EE8C8}.RelWithDebInfo|x64.Build.0 = RelWithDebInfo|x64
		{5A9EE2A3-1536-3252-A222-D763568EE8C8}.RelWithDebInfo|x86.ActiveCfg = RelWithDebInfo|x64
		{5A9EE2A3-1536-3252-A222-D763568EE8C8}.RelWithDebInfo|x86.Build.0 = RelWithDebInfo|x64
		{EC0CF75C-9CBB-30A0-A4E0-C38966DF7F57}.Debug|x64.ActiveCfg = Debug|x64
		{EC0CF75C-9CBB-30A0-A4E0-C38966DF7F57}.Debug|x64.Build.0 = Debug|x64
		{EC0CF75C-9CBB-30A0-A4E0-C38966DF7F57}.Debug|x86.ActiveCfg = Debug|x64
		{EC0CF75C-9CBB-30A0-A4E0-C38966DF7F57}.Debug|x86.Build.0 = Debug|x64
		{EC0CF75C-9CBB-30A0-A4E0-C38966DF7F57}.Release|x64.ActiveCfg = Release|x64
		{EC0CF75C-9CBB-30A0-A4E0-C38966DF7F57}.Release|x64.Build.0 = Release|x64
		{EC0CF75C-9CBB-30A0-A4E0-C38966DF7F57}.Release|x86.ActiveCfg = Release|x64
		{EC0CF75C-9CBB-30A0-A4E0-C38966DF7F57}.Release|x86.Build.0 = Release|x64
		{EC0CF75C-9CBB-30A0-A4E0-C38966DF7F57}.RelWithDebInfo|x64.ActiveCfg = RelWithDebInfo|x64
		{EC0CF75C-9CBB-30A0-A4E0-C38966DF7F57}.RelWithDebInfo|x64.Build.0 = RelWithDebInfo|x64
		{EC0CF75C-9CBB-30A0-A4E0-C38966DF7F57}.RelWithDebInfo|x86.ActiveCfg = RelWithDebInfo|x64
		{EC0CF75C-9CBB-30A0-A4E0-C38966DF7F57}.RelWithDebInfo|x86.Build.0 = RelWithDebInfo|x64
		{E26ABC76-4EDF-3CF9-9441-71C6367D7B2B}.Debug|x64.ActiveCfg = Debug|x64
		{E26ABC76-4EDF-3CF9-9441-71C6367D7B2B}.Debug|x64.Build.0 = Debug|x64
		{E26ABC76-4EDF-3CF9-9441-71C6367D7B2B}.Debug|x86.ActiveCfg = Debug|x64
		{E26ABC76-4EDF-3CF9-9441-71C6367D7B2B}.Debug|x86.Build.0 = Debug|x64
		{E26ABC76-4EDF-3CF9-9441-71C6367D7B2B}.Release|x64.ActiveCfg = Release|x64
		{E26ABC76-4EDF-3CF9-9441-71C6367D7B2B}.Release|x64.Build.0 = Release|x64
		{E26ABC76-4EDF-3CF9-9441-71C6367D7B2B}.Release|x86.ActiveCfg = Release|x64
		{E26ABC76-4EDF-3CF9-9441-71C6367D7B2B}.Release|x86.Build.0 = Release|x64
		{E26ABC76-4EDF-3CF9-9441-71C6367D7B2B}.RelWithDebInfo|x64.ActiveCfg = RelWithDebInfo|x64
		{E26ABC76-4EDF-3CF9-9441-71C6367D7B2B}.RelWithDebInfo|x64.Build.0 = RelWithDebInfo|x64
		{E26ABC76-4EDF-3CF9-9441-71C6367D7B2B}.RelWithDebInfo|x86.ActiveCfg = RelWithDebInfo|x64
		{E26ABC76-4EDF-3CF9-9441-71C6367D7B2B}.RelWithDebInfo|x86.Build.0 = RelWithDebInfo|x64
		{56035870-44B4-3CE3-9497-7084B838764A}.Debug|x64.ActiveCfg = Debug|x64
		{56035870-44B4-3CE3-9497-7084B838764A}.Debug|x64.Build.0 = Debug|x64
		{56035870-44B4-3CE3-9497-7084B838764A}.Debug|x86.ActiveCfg = Debug|x64
		{56035870-44B4-3CE3-9497-7084B838764A}.Debug|x86.Build.0 = Debug|x64
		{56035870-44B4-3CE3-9497-7084B838764A}.Release|x64.ActiveCfg = Release|x64
		{56035870-44B4-3CE3-9497-7084B838764A}.Release|x64.Build.0 = Release|x64
		{56035870-44B4-3CE3-9497-7084B838764A}.Release|x86.ActiveCfg = Release|x64
		{56035870-44B4-3CE3-9497-7084B838764A}.Release|x86.Build.0 = Release|x64
		{56035870-44B4-3CE3-9497-7084B838764A}.RelWithDebInfo|x64.ActiveCfg = RelWithDebInfo|x64
		{56035870-44B4-3CE3-9497-7084B838764A}.RelWithDebInfo|x64.Build.0 = RelWithDebInfo|x64
		{56035870-44B4-3CE3-9497-7084B838764A}.RelWithDebInfo|x86.ActiveCfg = RelWithDebInfo|x64
		{56035870-44B4-3CE3-9497-7084B838764A}.RelWithDebInfo|x86.Build.0 = RelWithDebInfo|x64
		{521E9C82-965C-3F39-9879-CFFD69379B95}.Debug|x64.ActiveCfg = Debug|x64
		{521E9C82-965C-3F39-9879-CFFD69379B95}.Debug|x64.Build.0 = Debug|x64
		{521E9C82-965C-3F39-9879-CFFD69379B95}.Debug|x86.ActiveCfg = Debug|x64
		{521E9C82-965C-3F39-9879-CFFD69379B95}.Debug|x86.Build.0 = Debug|x64
		{521E9C82-965C-3F39-9879-CFFD69379B95}.Release|x64.ActiveCfg = Release|x64
		{521E9C82-965C-3F39-9879-CFFD69379B95}.Release|x64.Build.0 = Release|x64
		{521E9C82-965C-3F39-9879-CFFD69379B95}.Release|x86.ActiveCfg = Release|x64
		{521E9C82-965C-3F39-9879-CFFD69379B95}.Release|x86.Build.0 = Release|x64
		{521E9C82-965C-3F39-9879-CFFD69379B95}.RelWithDebInfo|x64.ActiveCfg = RelWithDebInfo|x64
		{521E9C82-965C-3F39-9879-CFFD69379B95}.RelWithDebInfo|x64.Build.0 = RelWithDebInfo|x64
		{521E9C82-965C-3F39-9879-CFFD69379B95}.RelWithDebInfo|x86.ActiveCfg = RelWithDebInfo|x64
		{521E9C82-965C-3F39-9879-CFFD69379B95}.RelWithDebInfo|x86.Build.0 = RelWithDebInfo|x64
		{21C0B01A-6C42-3E83-922C-81F402DBA889}.Debug|x64.ActiveCfg = Debug|x64
		{21C0B01A-6C42-3E83-922C-81F402DBA889}.Debug|x64.Build.0 = Debug|x64
		{21C0B01A-6C42-3E83-922C-81F402DBA889}.Debug|x86.ActiveCfg = Debug|x64
		{21C0B01A-6C42-3E83-922C-81F402DBA889}.Debug|x86.Build.0 = Debug|x64
		{21C0B01A-6C42-3E83-922C-81F402DBA889}.Release|x64.ActiveCfg = Release|x64
		{21C0B01A-6C42-3E83-922C-81F402DBA889}.Release|x64.Build.0 = Release|x64
		{21C0B01A-6C42-3E83-922C-81F402DBA889}.Release|x86.ActiveCfg = Release|x64
		{21C0B01A-6C42-3E83-922C-81F402DBA889}.Release|x86.Build.0 = Release|x64
		{21C0B01A-6C42-3E83-922C-81F402DBA889}.RelWithDebInfo|x64.ActiveCfg = RelWithDebInfo|x64
		{21C0B01A-6C42-3E83-922C-81F402DBA889}.RelWithDebInfo|x64.Build.0 = RelWithDebInfo|x64
		{21C0B01A-6C42-3E83-922C-81F402DBA889}.RelWithDebInfo|x86.ActiveCfg = RelWithDebInfo|x64
		{21C0B01A-6C42-3E83-922C-81F402DBA889}.RelWithDebInfo|x86.Build.0 = RelWithDebInfo|x64
		{83913D61-3FA0-3439-977A-C2198579069E}.Debug|x64.ActiveCfg = Debug|x64
		{83913D61-3FA0-3439-977A-C2198579069E}.Debug|x64.Build.0 = Debug|x64
		{83913D61-3FA0-3439-977A-C2198579069E}.Debug|x86.ActiveCfg = Debug|x64
		{83913D61-3FA0-3439-977A-C2198579069E}.Debug|x86.Build.0 = Debug|x64
		{83913D61-3FA0-3439-977A-C2198579069E}.Release|x64.ActiveCfg = Release|x64
		{83913D61-3FA0-3439-977A-C2198579069E}.Release|x64.Build.0 = Release|x64
		{83913D61-3FA0-3439-977A-C2198579069E}.Release|x86.ActiveCfg = Release|x64
		{83913D61-3FA0-3439-977A-C2198579069E}.Release|x86.Build.0 = Release|x64
		{83913D61-3FA0-3439-977A-C2198579069E}.RelWithDebInfo|x64.ActiveCfg = RelWithDebInfo|x64
		{83913D61-3FA0-3439-977A-C2198579069E}.RelWithDebInfo|x64.Build.0 = RelWithDebInfo|x64
		{83913D61-3FA0-3439-977A-C2198579069E}.RelWithDebInfo|x86.ActiveCfg = RelWithDebInfo|x64
		{83913D61-3FA0-3439-977A-C2198579069E}.RelWithDebInfo|x86.Build.0 = RelWithDebInfo|x64
		{71FD5FEB-48DC-3F44-A5EA-434BB7D044EF}.Debug|x64.ActiveCfg = Debug|x64
		{71FD5FEB-48DC-3F44-A5EA-434BB7D044EF}.Debug|x64.Build.0 = Debug|x64
		{71FD5FEB-48DC-3F44-A5EA-434BB7D044EF}.Debug|x86.ActiveCfg = Debug|x64
		{71FD5FEB-48DC-3F44-A5EA-434BB7D044EF}.Debug|x86.Build.0 = Debug|x64
		{71FD5FEB-48DC-3F44-A5EA-434BB7D044EF}.Release|x64.ActiveCfg = Release|x64
		{71FD5FEB-48DC-3F44-A5EA-434BB7D044EF}.Release|x64.Build.0 = Release|x64
		{71FD5FEB-48DC-3F44-A5EA-434BB7D044EF}.Release|x86.ActiveCfg = Release|x64
		{71FD5FEB-48DC-3F44-A5EA-434BB7D044EF}.Release|x86.Build.0 = Release|x64
		{71FD5FEB-48DC-3F44-A5EA-434BB7D044EF}.RelWithDebInfo|x64.ActiveCfg = RelWithDebInfo|x64
		{71FD5FEB-48DC-3F44-A5EA-434BB7D044EF}.RelWithDebInfo|x64.Build.0 = RelWithDebInfo|x64
		{71FD5FEB-48DC-3F44-A5EA-434BB7D044EF}.RelWithDebInfo|x86.ActiveCfg = RelWithDebInfo|x64
		{71FD5FEB-48DC-3F44-A5EA-434BB7D044EF}.RelWithDebInfo|x86.Build.0 = RelWithDebInfo|x64
		{3818509C-17DE-3F5F-BEB2-39D2697C9249}.Debug|x64.ActiveCfg = Debug|x64
		{3818509C-17DE-3F5F-BEB2-39D2697C9249}.Debug|x64.Build.0 = Debug|x64
		{3818509C-17DE-3F5F-BEB2-39D2697C9249}.Debug|x86.ActiveCfg = Debug|x64
		{3818509C-17DE-3F5F-BEB2-39D2697C9249}.Debug|x86.Build.0 = Debug|x64
		{3818509C-17DE-3F5F-BEB2-39D2697C9249}.Release|x64.ActiveCfg = Release|x64
		{3818509C-17DE-3F5F-BEB2-39D2697C9249}.Release|x64.Build.0 = Release|x64
		{3818509C-17DE-3F5F-BEB2-39D2697C9249}.Release|x86.ActiveCfg = Release|x64
		{3818509C-17DE-3F5F-BEB2-39D2697C9249}.Release|x86.Build.0 = Release|x64
		{3818509C-17DE-3F5F-BEB2-39D2697C9249}.RelWithDebInfo|x64.ActiveCfg = RelWithDebInfo|x64
		{3818509C-17DE-3F5F-BEB2-39D2697C9249}.RelWithDebInfo|x64.Build.0 = RelWithDebInfo|x64
		{3818509C-17DE-3F5F-BEB2-39D2697C9249}.RelWithDebInfo|x86.ActiveCfg = RelWithDebInfo|x64
		{3818509C-17DE-3F5F-BEB2-39D2697C9249}.RelWithDebInfo|x86.Build.0 = RelWithDebInfo|x64
		{BE348316-C193-319A-87EE-7BEEBD7B7488}.Debug|x64.ActiveCfg = Debug|x64
		{BE348316-C193-319A-87EE-7BEEBD7B7488}.Debug|x64.Build.0 = Debug|x64
		{BE348316-C193-319A-87EE-7BEEBD7B7488}.Debug|x86.ActiveCfg = Debug|x64
		{BE348316-C193-319A-87EE-7BEEBD7B7488}.Debug|x86.Build.0 = Debug|x64
		{BE348316-C193-319A-87EE-7BEEBD7B7488}.Release|x64.ActiveCfg = Release|x64
		{BE348316-C193-319A-87EE-7BEEBD7B7488}.Release|x64.Build.0 = Release|x64
		{BE348316-C193-319A-87EE-7BEEBD7B7488}.Release|x86.ActiveCfg = Release|x64
		{BE348316-C193-319A-87EE-7BEEBD7B7488}.Release|x86.Build.0 = Release|x64
		{BE348316-C193-319A-87EE-7BEEBD7B7488}.RelWithDebInfo|x64.ActiveCfg = RelWithDebInfo|x64
		{BE348316-C193-319A-87EE-7BEEBD7B7488}.RelWithDebInfo|x64.Build.0 = RelWithDebInfo|x64
		{BE348316-C193-319A-87EE-7BEEBD7B7488}.RelWithDebInfo|x86.ActiveCfg = RelWithDebInfo|x64
		{BE348316-C193-319A-87EE-7BEEBD7B7488}.RelWithDebInfo|x86.Build.0 = RelWithDebInfo|x64
		{6BA5A6E1-3BE1-3F70-9894-D3660722CCF4}.Debug|x64.ActiveCfg = Debug|x64
		{6BA5A6E1-3BE1-3F70-9894-D3660722CCF4}.Debug|x64.Build.0 = Debug|x64
		{6BA5A6E1-3BE1-3F70-9894-D3660722CCF4}.Debug|x86.ActiveCfg = Debug|x64
		{6BA5A6E1-3BE1-3F70-9894-D3660722CCF4}.Debug|x86.Build.0 = Debug|x64
		{6BA5A6E1-3BE1-3F70-9894-D3660722CCF4}.Release|x64.ActiveCfg = Release|x64
		{6BA5A6E1-3BE1-3F70-9894-D3660722CCF4}.Release|x64.Build.0 = Release|x64
		{6BA5A6E1-3BE1-3F70-9894-D3660722CCF4}.Release|x86.ActiveCfg = Release|x64
		{6BA5A6E1-3BE1-3F70-9894-D3660722CCF4}.Release|x86.Build.0 = Release|x64
		{6BA5A6E1-3BE1-3F70-9894-D3660722CCF4}.RelWithDebInfo|x64.ActiveCfg = RelWithDebInfo|x64
		{6BA5A6E1-3BE1-3F70-9894-D3660722CCF4}.RelWithDebInfo|x64.Build.0 = RelWithDebInfo|x64
		{6BA5A6E1-3BE1-3F70-9894-D3660722CCF4}.RelWithDebInfo|x86.ActiveCfg = RelWithDebInfo|x64
		{6BA5A6E1-3BE1-3F70-9894-D3660722CCF4}.RelWithDebInfo|x86.Build.0 = RelWithDebInfo|x64
		{2BC82998-8161-353D-9006-7CF20A3277B3}.Debug|x64.ActiveCfg = Debug|x64
		{2BC82998-8161-353D-9006-7CF20A3277B3}.Debug|x64.Build.0 = Debug|x64
		{2BC82998-8161-353D-9006-7CF20A3277B3}.Debug|x86.ActiveCfg = Debug|x64
		{2BC82998-8161-353D-9006-7CF20A3277B3}.Debug|x86.Build.0 = Debug|x64
		{2BC82998-8161-353D-9006-7CF20A3277B3}.Release|x64.ActiveCfg = Release|x64
		{2BC82998-8161-353D-9006-7CF20A3277B3}.Release|x64.Build.0 = Release|x64
		{2BC82998-8161-353D-9006-7CF20A3277B3}.Release|x86.ActiveCfg = Release|x64
		{2BC82998-8161-353D-9006-7CF20A3277B3}.Release|x86.Build.0 = Release|x64
		{2BC82998-8161-353D-9006-7CF20A3277B3}.RelWithDebInfo|x64.ActiveCfg = RelWithDebInfo|x64
		{2BC82998-8161-353D-9006-7CF20A3277B3}.RelWithDebInfo|x64.Build.0 = RelWithDebInfo|x64
		{2BC82998-8161-353D-9006-7CF20A3277B3}.RelWithDebInfo|x86.ActiveCfg = RelWithDebInfo|x64
		{2BC82998-8161-353D-9006-7CF20A3277B3}.RelWithDebInfo|x86.Build.0 = RelWithDebInfo|x64
	EndGlobalSection
	GlobalSection(SolutionProperties) = preSolution
		HideSolutionNode = FALSE
	EndGlobalSection
	GlobalSection(NestedProjects) = preSolution
		{8211C2B8-3DD4-462A-98AA-2E5F6F7E5BB7} = {F1CB8E5A-5949-4472-97C1-90FE53577261}
		{21C0B01A-6C42-3E83-922C-81F402DBA889} = {12D98A40-583C-40A5-BB1F-35BAC53D3EA3}
		{060EB21D-9E5B-4208-BB4E-0EF997BC01ED} = {F1CB8E5A-5949-4472-97C1-90FE53577261}
		{83913D61-3FA0-3439-977A-C2198579069E} = {060EB21D-9E5B-4208-BB4E-0EF997BC01ED}
		{82683B27-8407-4C5D-9914-B9F3155D1406} = {F1CB8E5A-5949-4472-97C1-90FE53577261}
		{80B699C9-B7C3-4424-832B-DBC603FD06D1} = {82683B27-8407-4C5D-9914-B9F3155D1406}
		{71FD5FEB-48DC-3F44-A5EA-434BB7D044EF} = {80B699C9-B7C3-4424-832B-DBC603FD06D1}
		{12D98A40-583C-40A5-BB1F-35BAC53D3EA3} = {8211C2B8-3DD4-462A-98AA-2E5F6F7E5BB7}
		{74191BE0-CCFD-4CA2-9DC9-2E94B2565EDE} = {8211C2B8-3DD4-462A-98AA-2E5F6F7E5BB7}
		{3818509C-17DE-3F5F-BEB2-39D2697C9249} = {74191BE0-CCFD-4CA2-9DC9-2E94B2565EDE}
		{07076A78-9E6D-4E17-A0E4-CFF59A29FBE7} = {82683B27-8407-4C5D-9914-B9F3155D1406}
		{BE348316-C193-319A-87EE-7BEEBD7B7488} = {07076A78-9E6D-4E17-A0E4-CFF59A29FBE7}
		{8F0BCCF2-E61D-4DD0-8503-3E2F2403692D} = {F1CB8E5A-5949-4472-97C1-90FE53577261}
		{2BC82998-8161-353D-9006-7CF20A3277B3} = {8F0BCCF2-E61D-4DD0-8503-3E2F2403692D}
	EndGlobalSection
	GlobalSection(ExtensibilityGlobals) = postSolution
		SolutionGuid = {A05563DC-37DC-47F2-80FA-40FD572CFBB1}
	EndGlobalSection
EndGlobal
