<?xml version="1.0" encoding="utf-8"?>
<Project ToolsVersion="4.0" xmlns="http://schemas.microsoft.com/developer/msbuild/2003">
  <ItemGroup>
    <ClCompile Include="main.cpp" />
    <ClCompile Include="pc.h" />
    <ClCompile Include="uatypes\UAClientTests.cpp">
      <Filter>uatypes</Filter>
    </ClCompile>
  </ItemGroup>
  <ItemGroup>
    <None Include="packages.config" />
  </ItemGroup>
  <ItemGroup>
    <Filter Include="uatypes">
      <UniqueIdentifier>{584f4fcb-6e0b-4082-96a0-67c24c306cdf}</UniqueIdentifier>
    </Filter>
  </ItemGroup>
</Project>