<?xml version="1.0" encoding="utf-8"?>
<Project ToolsVersion="4.0" xmlns="http://schemas.microsoft.com/developer/msbuild/2003">
  <ItemGroup>
    <ClCompile Include="ThreadingTest.cpp" />
    <ClCompile Include="main.cpp" />
    <ClCompile Include="pc.h" />
    <ClCompile Include="..\source\LogClient.cpp">
      <Filter>AppServer</Filter>
    </ClCompile>
    <ClCompile Include="..\source\LogData.cpp">
      <Filter>AppServer</Filter>
    </ClCompile>
    <ClCompile Include="..\source\types\proto\FromClient.pb.cc">
      <Filter>AppServer\types</Filter>
    </ClCompile>
    <ClCompile Include="..\source\types\proto\FromServer.pb.cc">
      <Filter>AppServer\types</Filter>
    </ClCompile>
  </ItemGroup>
  <ItemGroup>
    <None Include="packages.config" />
    <None Include="..\AppServer.json" />
  </ItemGroup>
  <ItemGroup>
    <Filter Include="AppServer">
      <UniqueIdentifier>{9e5cf51e-b0dd-4ff6-bb79-36154843a355}</UniqueIdentifier>
    </Filter>
    <Filter Include="AppServer\types">
      <UniqueIdentifier>{f1f6cc32-a526-4a0e-8d86-7c4dbf123590}</UniqueIdentifier>
    </Filter>
  </ItemGroup>
</Project>